
Microsoft Visual Studio Solution File, Format Version 12.00
# Visual Studio Version 16
VisualStudioVersion = 16.0.30503.244
MinimumVisualStudioVersion = 10.0.40219.1
Project("{FAE04EC0-301F-11D3-BF4B-00C04F79EFBC}") = "ProjectEuler17", "ProjectEuler17.csproj", "{FD1D6A4F-5D7D-4016-9960-B0F8D10D68C3}"
EndProject
Global
	GlobalSection(SolutionConfigurationPlatforms) = preSolution
		Debug|Any CPU = Debug|Any CPU
		Release|Any CPU = Release|Any CPU
	EndGlobalSection
	GlobalSection(ProjectConfigurationPlatforms) = postSolution
		{FD1D6A4F-5D7D-4016-9960-B0F8D10D68C3}.Debug|Any CPU.ActiveCfg = Debug|Any CPU
		{FD1D6A4F-5D7D-4016-9960-B0F8D10D68C3}.Debug|Any CPU.Build.0 = Debug|Any CPU
		{FD1D6A4F-5D7D-4016-9960-B0F8D10D68C3}.Release|Any CPU.ActiveCfg = Release|Any CPU
		{FD1D6A4F-5D7D-4016-9960-B0F8D10D68C3}.Release|Any CPU.Build.0 = Release|Any CPU
	EndGlobalSection
	GlobalSection(SolutionProperties) = preSolution
		HideSolutionNode = FALSE
	EndGlobalSection
	GlobalSection(ExtensibilityGlobals) = postSolution
		SolutionGuid = {36A3029C-8B3F-4D99-B991-B214604B8140}
	EndGlobalSection
EndGlobal
